
Microsoft Visual Studio Solution File, Format Version 12.00
# Visual Studio Version 17
VisualStudioVersion = 17.0.31903.59
MinimumVisualStudioVersion = 10.0.40219.1
Project("{FAE04EC0-301F-11D3-BF4B-00C04F79EFBC}") = "task01", "task01\task01.csproj", "{B95F1D65-0681-4A28-82C1-328A9446FE25}"
EndProject
Project("{FAE04EC0-301F-11D3-BF4B-00C04F79EFBC}") = "task01tests", "task01tests\task01tests.csproj", "{AFCFE2C1-9FF8-44B2-8C73-77A86B40D38A}"
EndProject
Project("{FAE04EC0-301F-11D3-BF4B-00C04F79EFBC}") = "task02", "task02\task02.csproj", "{0EFDB669-5EA4-459C-B524-81E7390E12F2}"
EndProject
Project("{FAE04EC0-301F-11D3-BF4B-00C04F79EFBC}") = "task02tests", "task02tests\task02tests.csproj", "{119F2070-7CAF-4432-BCF0-6817E09D3C2F}"
EndProject
Project("{FAE04EC0-301F-11D3-BF4B-00C04F79EFBC}") = "task03", "task03\task03.csproj", "{D4B3BF2F-EDDC-4E19-A8AA-7EBA19A7FEB7}"
EndProject
Project("{FAE04EC0-301F-11D3-BF4B-00C04F79EFBC}") = "task03tests", "task03tests\task03tests.csproj", "{8F52E38F-535B-4B61-A569-D6BCC1E2EFC2}"
EndProject
Project("{FAE04EC0-301F-11D3-BF4B-00C04F79EFBC}") = "task04", "task04\task04.csproj", "{28E44C78-010A-4F3F-B743-0CA2CC20059C}"
EndProject
Project("{FAE04EC0-301F-11D3-BF4B-00C04F79EFBC}") = "task04tests", "task04tests\task04tests.csproj", "{CCAA9192-579E-490E-A442-56D0DF90545A}"
EndProject
Project("{FAE04EC0-301F-11D3-BF4B-00C04F79EFBC}") = "task05", "task05\task05.csproj", "{CD283492-5FE2-4F51-AE64-B6B445384FAA}"
EndProject
Project("{FAE04EC0-301F-11D3-BF4B-00C04F79EFBC}") = "task05tests", "task05tests\task05tests.csproj", "{9C452471-74B8-4339-9197-3D1C7DDD158C}"
EndProject
Project("{FAE04EC0-301F-11D3-BF4B-00C04F79EFBC}") = "task07", "task07\task07.csproj", "{62406F9D-52FA-4942-96B3-B034D7C70D18}"
EndProject
Project("{FAE04EC0-301F-11D3-BF4B-00C04F79EFBC}") = "task07tests", "task07tests\task07tests.csproj", "{5DDAD814-1B40-456E-A5E9-4452A4CE2102}"
EndProject
Project("{FAE04EC0-301F-11D3-BF4B-00C04F79EFBC}") = "CommandLib", "CommandLib\CommandLib.csproj", "{20D4A5E7-B6C9-4DD2-A105-A27A7F948F1D}"
EndProject
Project("{FAE04EC0-301F-11D3-BF4B-00C04F79EFBC}") = "FileSystemCommands", "FileSystemCommands\FileSystemCommands.csproj", "{7FA6405D-5A8C-45BD-BA62-F58C8E630EE5}"
EndProject
Project("{FAE04EC0-301F-11D3-BF4B-00C04F79EFBC}") = "CommandRunner", "CommandRunner\CommandRunner.csproj", "{2B3A4E71-4161-49BB-8CFA-827BD56CD429}"
EndProject
Project("{FAE04EC0-301F-11D3-BF4B-00C04F79EFBC}") = "task08tests", "task08tests\task08tests.csproj", "{B8D924DD-F237-4B01-BA69-CD8F8BE1FFAD}"
EndProject
Project("{FAE04EC0-301F-11D3-BF4B-00C04F79EFBC}") = "PluginContracts", "PluginContracts\PluginContracts.csproj", "{0C0A896E-CC85-4D8B-88D4-4D08EBEFE8A6}"
EndProject
Project("{FAE04EC0-301F-11D3-BF4B-00C04F79EFBC}") = "TestPlugins", "TestPlugins\TestPlugins.csproj", "{40137E00-99FB-496F-AF01-1577602F417E}"
EndProject
Project("{FAE04EC0-301F-11D3-BF4B-00C04F79EFBC}") = "PluginRunner", "PluginRunner\PluginRunner.csproj", "{AE03AC12-C191-4F2F-8400-E9C318E0E2B4}"
EndProject
Project("{FAE04EC0-301F-11D3-BF4B-00C04F79EFBC}") = "task11", "task11\task11.csproj", "{26B174A7-0DF8-4C6A-A3EC-4FB9B2E492C9}"
EndProject
Project("{FAE04EC0-301F-11D3-BF4B-00C04F79EFBC}") = "task11tests", "task11tests\task11tests.csproj", "{88D95848-54BD-4A1F-82E0-95DFF93E1391}"
EndProject
Project("{FAE04EC0-301F-11D3-BF4B-00C04F79EFBC}") = "task13", "task13\task13.csproj", "{B3CD0785-B475-4044-822A-54F6C1D24235}"
EndProject
Project("{FAE04EC0-301F-11D3-BF4B-00C04F79EFBC}") = "task13tests", "task13tests\task13tests.csproj", "{E6B21BD1-16BF-4077-89BB-994EED3A8400}"
EndProject
Global
	GlobalSection(SolutionConfigurationPlatforms) = preSolution
		Debug|Any CPU = Debug|Any CPU
		Debug|x64 = Debug|x64
		Debug|x86 = Debug|x86
		Release|Any CPU = Release|Any CPU
		Release|x64 = Release|x64
		Release|x86 = Release|x86
	EndGlobalSection
	GlobalSection(ProjectConfigurationPlatforms) = postSolution
		{B95F1D65-0681-4A28-82C1-328A9446FE25}.Debug|Any CPU.ActiveCfg = Debug|Any CPU
		{B95F1D65-0681-4A28-82C1-328A9446FE25}.Debug|Any CPU.Build.0 = Debug|Any CPU
		{B95F1D65-0681-4A28-82C1-328A9446FE25}.Debug|x64.ActiveCfg = Debug|Any CPU
		{B95F1D65-0681-4A28-82C1-328A9446FE25}.Debug|x64.Build.0 = Debug|Any CPU
		{B95F1D65-0681-4A28-82C1-328A9446FE25}.Debug|x86.ActiveCfg = Debug|Any CPU
		{B95F1D65-0681-4A28-82C1-328A9446FE25}.Debug|x86.Build.0 = Debug|Any CPU
		{B95F1D65-0681-4A28-82C1-328A9446FE25}.Release|Any CPU.ActiveCfg = Release|Any CPU
		{B95F1D65-0681-4A28-82C1-328A9446FE25}.Release|Any CPU.Build.0 = Release|Any CPU
		{B95F1D65-0681-4A28-82C1-328A9446FE25}.Release|x64.ActiveCfg = Release|Any CPU
		{B95F1D65-0681-4A28-82C1-328A9446FE25}.Release|x64.Build.0 = Release|Any CPU
		{B95F1D65-0681-4A28-82C1-328A9446FE25}.Release|x86.ActiveCfg = Release|Any CPU
		{B95F1D65-0681-4A28-82C1-328A9446FE25}.Release|x86.Build.0 = Release|Any CPU
		{AFCFE2C1-9FF8-44B2-8C73-77A86B40D38A}.Debug|Any CPU.ActiveCfg = Debug|Any CPU
		{AFCFE2C1-9FF8-44B2-8C73-77A86B40D38A}.Debug|Any CPU.Build.0 = Debug|Any CPU
		{AFCFE2C1-9FF8-44B2-8C73-77A86B40D38A}.Debug|x64.ActiveCfg = Debug|Any CPU
		{AFCFE2C1-9FF8-44B2-8C73-77A86B40D38A}.Debug|x64.Build.0 = Debug|Any CPU
		{AFCFE2C1-9FF8-44B2-8C73-77A86B40D38A}.Debug|x86.ActiveCfg = Debug|Any CPU
		{AFCFE2C1-9FF8-44B2-8C73-77A86B40D38A}.Debug|x86.Build.0 = Debug|Any CPU
		{AFCFE2C1-9FF8-44B2-8C73-77A86B40D38A}.Release|Any CPU.ActiveCfg = Release|Any CPU
		{AFCFE2C1-9FF8-44B2-8C73-77A86B40D38A}.Release|Any CPU.Build.0 = Release|Any CPU
		{AFCFE2C1-9FF8-44B2-8C73-77A86B40D38A}.Release|x64.ActiveCfg = Release|Any CPU
		{AFCFE2C1-9FF8-44B2-8C73-77A86B40D38A}.Release|x64.Build.0 = Release|Any CPU
		{AFCFE2C1-9FF8-44B2-8C73-77A86B40D38A}.Release|x86.ActiveCfg = Release|Any CPU
		{AFCFE2C1-9FF8-44B2-8C73-77A86B40D38A}.Release|x86.Build.0 = Release|Any CPU
		{0EFDB669-5EA4-459C-B524-81E7390E12F2}.Debug|Any CPU.ActiveCfg = Debug|Any CPU
		{0EFDB669-5EA4-459C-B524-81E7390E12F2}.Debug|Any CPU.Build.0 = Debug|Any CPU
		{0EFDB669-5EA4-459C-B524-81E7390E12F2}.Debug|x64.ActiveCfg = Debug|Any CPU
		{0EFDB669-5EA4-459C-B524-81E7390E12F2}.Debug|x64.Build.0 = Debug|Any CPU
		{0EFDB669-5EA4-459C-B524-81E7390E12F2}.Debug|x86.ActiveCfg = Debug|Any CPU
		{0EFDB669-5EA4-459C-B524-81E7390E12F2}.Debug|x86.Build.0 = Debug|Any CPU
		{0EFDB669-5EA4-459C-B524-81E7390E12F2}.Release|Any CPU.ActiveCfg = Release|Any CPU
		{0EFDB669-5EA4-459C-B524-81E7390E12F2}.Release|Any CPU.Build.0 = Release|Any CPU
		{0EFDB669-5EA4-459C-B524-81E7390E12F2}.Release|x64.ActiveCfg = Release|Any CPU
		{0EFDB669-5EA4-459C-B524-81E7390E12F2}.Release|x64.Build.0 = Release|Any CPU
		{0EFDB669-5EA4-459C-B524-81E7390E12F2}.Release|x86.ActiveCfg = Release|Any CPU
		{0EFDB669-5EA4-459C-B524-81E7390E12F2}.Release|x86.Build.0 = Release|Any CPU
		{119F2070-7CAF-4432-BCF0-6817E09D3C2F}.Debug|Any CPU.ActiveCfg = Debug|Any CPU
		{119F2070-7CAF-4432-BCF0-6817E09D3C2F}.Debug|Any CPU.Build.0 = Debug|Any CPU
		{119F2070-7CAF-4432-BCF0-6817E09D3C2F}.Debug|x64.ActiveCfg = Debug|Any CPU
		{119F2070-7CAF-4432-BCF0-6817E09D3C2F}.Debug|x64.Build.0 = Debug|Any CPU
		{119F2070-7CAF-4432-BCF0-6817E09D3C2F}.Debug|x86.ActiveCfg = Debug|Any CPU
		{119F2070-7CAF-4432-BCF0-6817E09D3C2F}.Debug|x86.Build.0 = Debug|Any CPU
		{119F2070-7CAF-4432-BCF0-6817E09D3C2F}.Release|Any CPU.ActiveCfg = Release|Any CPU
		{119F2070-7CAF-4432-BCF0-6817E09D3C2F}.Release|Any CPU.Build.0 = Release|Any CPU
		{119F2070-7CAF-4432-BCF0-6817E09D3C2F}.Release|x64.ActiveCfg = Release|Any CPU
		{119F2070-7CAF-4432-BCF0-6817E09D3C2F}.Release|x64.Build.0 = Release|Any CPU
		{119F2070-7CAF-4432-BCF0-6817E09D3C2F}.Release|x86.ActiveCfg = Release|Any CPU
		{119F2070-7CAF-4432-BCF0-6817E09D3C2F}.Release|x86.Build.0 = Release|Any CPU
		{D4B3BF2F-EDDC-4E19-A8AA-7EBA19A7FEB7}.Debug|Any CPU.ActiveCfg = Debug|Any CPU
		{D4B3BF2F-EDDC-4E19-A8AA-7EBA19A7FEB7}.Debug|Any CPU.Build.0 = Debug|Any CPU
		{D4B3BF2F-EDDC-4E19-A8AA-7EBA19A7FEB7}.Debug|x64.ActiveCfg = Debug|Any CPU
		{D4B3BF2F-EDDC-4E19-A8AA-7EBA19A7FEB7}.Debug|x64.Build.0 = Debug|Any CPU
		{D4B3BF2F-EDDC-4E19-A8AA-7EBA19A7FEB7}.Debug|x86.ActiveCfg = Debug|Any CPU
		{D4B3BF2F-EDDC-4E19-A8AA-7EBA19A7FEB7}.Debug|x86.Build.0 = Debug|Any CPU
		{D4B3BF2F-EDDC-4E19-A8AA-7EBA19A7FEB7}.Release|Any CPU.ActiveCfg = Release|Any CPU
		{D4B3BF2F-EDDC-4E19-A8AA-7EBA19A7FEB7}.Release|Any CPU.Build.0 = Release|Any CPU
		{D4B3BF2F-EDDC-4E19-A8AA-7EBA19A7FEB7}.Release|x64.ActiveCfg = Release|Any CPU
		{D4B3BF2F-EDDC-4E19-A8AA-7EBA19A7FEB7}.Release|x64.Build.0 = Release|Any CPU
		{D4B3BF2F-EDDC-4E19-A8AA-7EBA19A7FEB7}.Release|x86.ActiveCfg = Release|Any CPU
		{D4B3BF2F-EDDC-4E19-A8AA-7EBA19A7FEB7}.Release|x86.Build.0 = Release|Any CPU
		{8F52E38F-535B-4B61-A569-D6BCC1E2EFC2}.Debug|Any CPU.ActiveCfg = Debug|Any CPU
		{8F52E38F-535B-4B61-A569-D6BCC1E2EFC2}.Debug|Any CPU.Build.0 = Debug|Any CPU
		{8F52E38F-535B-4B61-A569-D6BCC1E2EFC2}.Debug|x64.ActiveCfg = Debug|Any CPU
		{8F52E38F-535B-4B61-A569-D6BCC1E2EFC2}.Debug|x64.Build.0 = Debug|Any CPU
		{8F52E38F-535B-4B61-A569-D6BCC1E2EFC2}.Debug|x86.ActiveCfg = Debug|Any CPU
		{8F52E38F-535B-4B61-A569-D6BCC1E2EFC2}.Debug|x86.Build.0 = Debug|Any CPU
		{8F52E38F-535B-4B61-A569-D6BCC1E2EFC2}.Release|Any CPU.ActiveCfg = Release|Any CPU
		{8F52E38F-535B-4B61-A569-D6BCC1E2EFC2}.Release|Any CPU.Build.0 = Release|Any CPU
		{8F52E38F-535B-4B61-A569-D6BCC1E2EFC2}.Release|x64.ActiveCfg = Release|Any CPU
		{8F52E38F-535B-4B61-A569-D6BCC1E2EFC2}.Release|x64.Build.0 = Release|Any CPU
		{8F52E38F-535B-4B61-A569-D6BCC1E2EFC2}.Release|x86.ActiveCfg = Release|Any CPU
		{8F52E38F-535B-4B61-A569-D6BCC1E2EFC2}.Release|x86.Build.0 = Release|Any CPU
		{28E44C78-010A-4F3F-B743-0CA2CC20059C}.Debug|Any CPU.ActiveCfg = Debug|Any CPU
		{28E44C78-010A-4F3F-B743-0CA2CC20059C}.Debug|Any CPU.Build.0 = Debug|Any CPU
		{28E44C78-010A-4F3F-B743-0CA2CC20059C}.Debug|x64.ActiveCfg = Debug|Any CPU
		{28E44C78-010A-4F3F-B743-0CA2CC20059C}.Debug|x64.Build.0 = Debug|Any CPU
		{28E44C78-010A-4F3F-B743-0CA2CC20059C}.Debug|x86.ActiveCfg = Debug|Any CPU
		{28E44C78-010A-4F3F-B743-0CA2CC20059C}.Debug|x86.Build.0 = Debug|Any CPU
		{28E44C78-010A-4F3F-B743-0CA2CC20059C}.Release|Any CPU.ActiveCfg = Release|Any CPU
		{28E44C78-010A-4F3F-B743-0CA2CC20059C}.Release|Any CPU.Build.0 = Release|Any CPU
		{28E44C78-010A-4F3F-B743-0CA2CC20059C}.Release|x64.ActiveCfg = Release|Any CPU
		{28E44C78-010A-4F3F-B743-0CA2CC20059C}.Release|x64.Build.0 = Release|Any CPU
		{28E44C78-010A-4F3F-B743-0CA2CC20059C}.Release|x86.ActiveCfg = Release|Any CPU
		{28E44C78-010A-4F3F-B743-0CA2CC20059C}.Release|x86.Build.0 = Release|Any CPU
		{CCAA9192-579E-490E-A442-56D0DF90545A}.Debug|Any CPU.ActiveCfg = Debug|Any CPU
		{CCAA9192-579E-490E-A442-56D0DF90545A}.Debug|Any CPU.Build.0 = Debug|Any CPU
		{CCAA9192-579E-490E-A442-56D0DF90545A}.Debug|x64.ActiveCfg = Debug|Any CPU
		{CCAA9192-579E-490E-A442-56D0DF90545A}.Debug|x64.Build.0 = Debug|Any CPU
		{CCAA9192-579E-490E-A442-56D0DF90545A}.Debug|x86.ActiveCfg = Debug|Any CPU
		{CCAA9192-579E-490E-A442-56D0DF90545A}.Debug|x86.Build.0 = Debug|Any CPU
		{CCAA9192-579E-490E-A442-56D0DF90545A}.Release|Any CPU.ActiveCfg = Release|Any CPU
		{CCAA9192-579E-490E-A442-56D0DF90545A}.Release|Any CPU.Build.0 = Release|Any CPU
		{CCAA9192-579E-490E-A442-56D0DF90545A}.Release|x64.ActiveCfg = Release|Any CPU
		{CCAA9192-579E-490E-A442-56D0DF90545A}.Release|x64.Build.0 = Release|Any CPU
		{CCAA9192-579E-490E-A442-56D0DF90545A}.Release|x86.ActiveCfg = Release|Any CPU
		{CCAA9192-579E-490E-A442-56D0DF90545A}.Release|x86.Build.0 = Release|Any CPU
		{CD283492-5FE2-4F51-AE64-B6B445384FAA}.Debug|Any CPU.ActiveCfg = Debug|Any CPU
		{CD283492-5FE2-4F51-AE64-B6B445384FAA}.Debug|Any CPU.Build.0 = Debug|Any CPU
		{CD283492-5FE2-4F51-AE64-B6B445384FAA}.Debug|x64.ActiveCfg = Debug|Any CPU
		{CD283492-5FE2-4F51-AE64-B6B445384FAA}.Debug|x64.Build.0 = Debug|Any CPU
		{CD283492-5FE2-4F51-AE64-B6B445384FAA}.Debug|x86.ActiveCfg = Debug|Any CPU
		{CD283492-5FE2-4F51-AE64-B6B445384FAA}.Debug|x86.Build.0 = Debug|Any CPU
		{CD283492-5FE2-4F51-AE64-B6B445384FAA}.Release|Any CPU.ActiveCfg = Release|Any CPU
		{CD283492-5FE2-4F51-AE64-B6B445384FAA}.Release|Any CPU.Build.0 = Release|Any CPU
		{CD283492-5FE2-4F51-AE64-B6B445384FAA}.Release|x64.ActiveCfg = Release|Any CPU
		{CD283492-5FE2-4F51-AE64-B6B445384FAA}.Release|x64.Build.0 = Release|Any CPU
		{CD283492-5FE2-4F51-AE64-B6B445384FAA}.Release|x86.ActiveCfg = Release|Any CPU
		{CD283492-5FE2-4F51-AE64-B6B445384FAA}.Release|x86.Build.0 = Release|Any CPU
		{9C452471-74B8-4339-9197-3D1C7DDD158C}.Debug|Any CPU.ActiveCfg = Debug|Any CPU
		{9C452471-74B8-4339-9197-3D1C7DDD158C}.Debug|Any CPU.Build.0 = Debug|Any CPU
		{9C452471-74B8-4339-9197-3D1C7DDD158C}.Debug|x64.ActiveCfg = Debug|Any CPU
		{9C452471-74B8-4339-9197-3D1C7DDD158C}.Debug|x64.Build.0 = Debug|Any CPU
		{9C452471-74B8-4339-9197-3D1C7DDD158C}.Debug|x86.ActiveCfg = Debug|Any CPU
		{9C452471-74B8-4339-9197-3D1C7DDD158C}.Debug|x86.Build.0 = Debug|Any CPU
		{9C452471-74B8-4339-9197-3D1C7DDD158C}.Release|Any CPU.ActiveCfg = Release|Any CPU
		{9C452471-74B8-4339-9197-3D1C7DDD158C}.Release|Any CPU.Build.0 = Release|Any CPU
		{9C452471-74B8-4339-9197-3D1C7DDD158C}.Release|x64.ActiveCfg = Release|Any CPU
		{9C452471-74B8-4339-9197-3D1C7DDD158C}.Release|x64.Build.0 = Release|Any CPU
		{9C452471-74B8-4339-9197-3D1C7DDD158C}.Release|x86.ActiveCfg = Release|Any CPU
		{9C452471-74B8-4339-9197-3D1C7DDD158C}.Release|x86.Build.0 = Release|Any CPU
		{62406F9D-52FA-4942-96B3-B034D7C70D18}.Debug|Any CPU.ActiveCfg = Debug|Any CPU
		{62406F9D-52FA-4942-96B3-B034D7C70D18}.Debug|Any CPU.Build.0 = Debug|Any CPU
		{62406F9D-52FA-4942-96B3-B034D7C70D18}.Debug|x64.ActiveCfg = Debug|Any CPU
		{62406F9D-52FA-4942-96B3-B034D7C70D18}.Debug|x64.Build.0 = Debug|Any CPU
		{62406F9D-52FA-4942-96B3-B034D7C70D18}.Debug|x86.ActiveCfg = Debug|Any CPU
		{62406F9D-52FA-4942-96B3-B034D7C70D18}.Debug|x86.Build.0 = Debug|Any CPU
		{62406F9D-52FA-4942-96B3-B034D7C70D18}.Release|Any CPU.ActiveCfg = Release|Any CPU
		{62406F9D-52FA-4942-96B3-B034D7C70D18}.Release|Any CPU.Build.0 = Release|Any CPU
		{62406F9D-52FA-4942-96B3-B034D7C70D18}.Release|x64.ActiveCfg = Release|Any CPU
		{62406F9D-52FA-4942-96B3-B034D7C70D18}.Release|x64.Build.0 = Release|Any CPU
		{62406F9D-52FA-4942-96B3-B034D7C70D18}.Release|x86.ActiveCfg = Release|Any CPU
		{62406F9D-52FA-4942-96B3-B034D7C70D18}.Release|x86.Build.0 = Release|Any CPU
		{5DDAD814-1B40-456E-A5E9-4452A4CE2102}.Debug|Any CPU.ActiveCfg = Debug|Any CPU
		{5DDAD814-1B40-456E-A5E9-4452A4CE2102}.Debug|Any CPU.Build.0 = Debug|Any CPU
		{5DDAD814-1B40-456E-A5E9-4452A4CE2102}.Debug|x64.ActiveCfg = Debug|Any CPU
		{5DDAD814-1B40-456E-A5E9-4452A4CE2102}.Debug|x64.Build.0 = Debug|Any CPU
		{5DDAD814-1B40-456E-A5E9-4452A4CE2102}.Debug|x86.ActiveCfg = Debug|Any CPU
		{5DDAD814-1B40-456E-A5E9-4452A4CE2102}.Debug|x86.Build.0 = Debug|Any CPU
		{5DDAD814-1B40-456E-A5E9-4452A4CE2102}.Release|Any CPU.ActiveCfg = Release|Any CPU
		{5DDAD814-1B40-456E-A5E9-4452A4CE2102}.Release|Any CPU.Build.0 = Release|Any CPU
		{5DDAD814-1B40-456E-A5E9-4452A4CE2102}.Release|x64.ActiveCfg = Release|Any CPU
		{5DDAD814-1B40-456E-A5E9-4452A4CE2102}.Release|x64.Build.0 = Release|Any CPU
		{5DDAD814-1B40-456E-A5E9-4452A4CE2102}.Release|x86.ActiveCfg = Release|Any CPU
		{5DDAD814-1B40-456E-A5E9-4452A4CE2102}.Release|x86.Build.0 = Release|Any CPU
		{20D4A5E7-B6C9-4DD2-A105-A27A7F948F1D}.Debug|Any CPU.ActiveCfg = Debug|Any CPU
		{20D4A5E7-B6C9-4DD2-A105-A27A7F948F1D}.Debug|Any CPU.Build.0 = Debug|Any CPU
		{20D4A5E7-B6C9-4DD2-A105-A27A7F948F1D}.Debug|x64.ActiveCfg = Debug|Any CPU
		{20D4A5E7-B6C9-4DD2-A105-A27A7F948F1D}.Debug|x64.Build.0 = Debug|Any CPU
		{20D4A5E7-B6C9-4DD2-A105-A27A7F948F1D}.Debug|x86.ActiveCfg = Debug|Any CPU
		{20D4A5E7-B6C9-4DD2-A105-A27A7F948F1D}.Debug|x86.Build.0 = Debug|Any CPU
		{20D4A5E7-B6C9-4DD2-A105-A27A7F948F1D}.Release|Any CPU.ActiveCfg = Release|Any CPU
		{20D4A5E7-B6C9-4DD2-A105-A27A7F948F1D}.Release|Any CPU.Build.0 = Release|Any CPU
		{20D4A5E7-B6C9-4DD2-A105-A27A7F948F1D}.Release|x64.ActiveCfg = Release|Any CPU
		{20D4A5E7-B6C9-4DD2-A105-A27A7F948F1D}.Release|x64.Build.0 = Release|Any CPU
		{20D4A5E7-B6C9-4DD2-A105-A27A7F948F1D}.Release|x86.ActiveCfg = Release|Any CPU
		{20D4A5E7-B6C9-4DD2-A105-A27A7F948F1D}.Release|x86.Build.0 = Release|Any CPU
		{7FA6405D-5A8C-45BD-BA62-F58C8E630EE5}.Debug|Any CPU.ActiveCfg = Debug|Any CPU
		{7FA6405D-5A8C-45BD-BA62-F58C8E630EE5}.Debug|Any CPU.Build.0 = Debug|Any CPU
		{7FA6405D-5A8C-45BD-BA62-F58C8E630EE5}.Debug|x64.ActiveCfg = Debug|Any CPU
		{7FA6405D-5A8C-45BD-BA62-F58C8E630EE5}.Debug|x64.Build.0 = Debug|Any CPU
		{7FA6405D-5A8C-45BD-BA62-F58C8E630EE5}.Debug|x86.ActiveCfg = Debug|Any CPU
		{7FA6405D-5A8C-45BD-BA62-F58C8E630EE5}.Debug|x86.Build.0 = Debug|Any CPU
		{7FA6405D-5A8C-45BD-BA62-F58C8E630EE5}.Release|Any CPU.ActiveCfg = Release|Any CPU
		{7FA6405D-5A8C-45BD-BA62-F58C8E630EE5}.Release|Any CPU.Build.0 = Release|Any CPU
		{7FA6405D-5A8C-45BD-BA62-F58C8E630EE5}.Release|x64.ActiveCfg = Release|Any CPU
		{7FA6405D-5A8C-45BD-BA62-F58C8E630EE5}.Release|x64.Build.0 = Release|Any CPU
		{7FA6405D-5A8C-45BD-BA62-F58C8E630EE5}.Release|x86.ActiveCfg = Release|Any CPU
		{7FA6405D-5A8C-45BD-BA62-F58C8E630EE5}.Release|x86.Build.0 = Release|Any CPU
		{2B3A4E71-4161-49BB-8CFA-827BD56CD429}.Debug|Any CPU.ActiveCfg = Debug|Any CPU
		{2B3A4E71-4161-49BB-8CFA-827BD56CD429}.Debug|Any CPU.Build.0 = Debug|Any CPU
		{2B3A4E71-4161-49BB-8CFA-827BD56CD429}.Debug|x64.ActiveCfg = Debug|Any CPU
		{2B3A4E71-4161-49BB-8CFA-827BD56CD429}.Debug|x64.Build.0 = Debug|Any CPU
		{2B3A4E71-4161-49BB-8CFA-827BD56CD429}.Debug|x86.ActiveCfg = Debug|Any CPU
		{2B3A4E71-4161-49BB-8CFA-827BD56CD429}.Debug|x86.Build.0 = Debug|Any CPU
		{2B3A4E71-4161-49BB-8CFA-827BD56CD429}.Release|Any CPU.ActiveCfg = Release|Any CPU
		{2B3A4E71-4161-49BB-8CFA-827BD56CD429}.Release|Any CPU.Build.0 = Release|Any CPU
		{2B3A4E71-4161-49BB-8CFA-827BD56CD429}.Release|x64.ActiveCfg = Release|Any CPU
		{2B3A4E71-4161-49BB-8CFA-827BD56CD429}.Release|x64.Build.0 = Release|Any CPU
		{2B3A4E71-4161-49BB-8CFA-827BD56CD429}.Release|x86.ActiveCfg = Release|Any CPU
		{2B3A4E71-4161-49BB-8CFA-827BD56CD429}.Release|x86.Build.0 = Release|Any CPU
		{B8D924DD-F237-4B01-BA69-CD8F8BE1FFAD}.Debug|Any CPU.ActiveCfg = Debug|Any CPU
		{B8D924DD-F237-4B01-BA69-CD8F8BE1FFAD}.Debug|Any CPU.Build.0 = Debug|Any CPU
		{B8D924DD-F237-4B01-BA69-CD8F8BE1FFAD}.Debug|x64.ActiveCfg = Debug|Any CPU
		{B8D924DD-F237-4B01-BA69-CD8F8BE1FFAD}.Debug|x64.Build.0 = Debug|Any CPU
		{B8D924DD-F237-4B01-BA69-CD8F8BE1FFAD}.Debug|x86.ActiveCfg = Debug|Any CPU
		{B8D924DD-F237-4B01-BA69-CD8F8BE1FFAD}.Debug|x86.Build.0 = Debug|Any CPU
		{B8D924DD-F237-4B01-BA69-CD8F8BE1FFAD}.Release|Any CPU.ActiveCfg = Release|Any CPU
		{B8D924DD-F237-4B01-BA69-CD8F8BE1FFAD}.Release|Any CPU.Build.0 = Release|Any CPU
		{B8D924DD-F237-4B01-BA69-CD8F8BE1FFAD}.Release|x64.ActiveCfg = Release|Any CPU
		{B8D924DD-F237-4B01-BA69-CD8F8BE1FFAD}.Release|x64.Build.0 = Release|Any CPU
		{B8D924DD-F237-4B01-BA69-CD8F8BE1FFAD}.Release|x86.ActiveCfg = Release|Any CPU
		{B8D924DD-F237-4B01-BA69-CD8F8BE1FFAD}.Release|x86.Build.0 = Release|Any CPU
		{0C0A896E-CC85-4D8B-88D4-4D08EBEFE8A6}.Debug|Any CPU.ActiveCfg = Debug|Any CPU
		{0C0A896E-CC85-4D8B-88D4-4D08EBEFE8A6}.Debug|Any CPU.Build.0 = Debug|Any CPU
		{0C0A896E-CC85-4D8B-88D4-4D08EBEFE8A6}.Debug|x64.ActiveCfg = Debug|Any CPU
		{0C0A896E-CC85-4D8B-88D4-4D08EBEFE8A6}.Debug|x64.Build.0 = Debug|Any CPU
		{0C0A896E-CC85-4D8B-88D4-4D08EBEFE8A6}.Debug|x86.ActiveCfg = Debug|Any CPU
		{0C0A896E-CC85-4D8B-88D4-4D08EBEFE8A6}.Debug|x86.Build.0 = Debug|Any CPU
		{0C0A896E-CC85-4D8B-88D4-4D08EBEFE8A6}.Release|Any CPU.ActiveCfg = Release|Any CPU
		{0C0A896E-CC85-4D8B-88D4-4D08EBEFE8A6}.Release|Any CPU.Build.0 = Release|Any CPU
		{0C0A896E-CC85-4D8B-88D4-4D08EBEFE8A6}.Release|x64.ActiveCfg = Release|Any CPU
		{0C0A896E-CC85-4D8B-88D4-4D08EBEFE8A6}.Release|x64.Build.0 = Release|Any CPU
		{0C0A896E-CC85-4D8B-88D4-4D08EBEFE8A6}.Release|x86.ActiveCfg = Release|Any CPU
		{0C0A896E-CC85-4D8B-88D4-4D08EBEFE8A6}.Release|x86.Build.0 = Release|Any CPU
		{40137E00-99FB-496F-AF01-1577602F417E}.Debug|Any CPU.ActiveCfg = Debug|Any CPU
		{40137E00-99FB-496F-AF01-1577602F417E}.Debug|Any CPU.Build.0 = Debug|Any CPU
		{40137E00-99FB-496F-AF01-1577602F417E}.Debug|x64.ActiveCfg = Debug|Any CPU
		{40137E00-99FB-496F-AF01-1577602F417E}.Debug|x64.Build.0 = Debug|Any CPU
		{40137E00-99FB-496F-AF01-1577602F417E}.Debug|x86.ActiveCfg = Debug|Any CPU
		{40137E00-99FB-496F-AF01-1577602F417E}.Debug|x86.Build.0 = Debug|Any CPU
		{40137E00-99FB-496F-AF01-1577602F417E}.Release|Any CPU.ActiveCfg = Release|Any CPU
		{40137E00-99FB-496F-AF01-1577602F417E}.Release|Any CPU.Build.0 = Release|Any CPU
		{40137E00-99FB-496F-AF01-1577602F417E}.Release|x64.ActiveCfg = Release|Any CPU
		{40137E00-99FB-496F-AF01-1577602F417E}.Release|x64.Build.0 = Release|Any CPU
		{40137E00-99FB-496F-AF01-1577602F417E}.Release|x86.ActiveCfg = Release|Any CPU
		{40137E00-99FB-496F-AF01-1577602F417E}.Release|x86.Build.0 = Release|Any CPU
		{AE03AC12-C191-4F2F-8400-E9C318E0E2B4}.Debug|Any CPU.ActiveCfg = Debug|Any CPU
		{AE03AC12-C191-4F2F-8400-E9C318E0E2B4}.Debug|Any CPU.Build.0 = Debug|Any CPU
		{AE03AC12-C191-4F2F-8400-E9C318E0E2B4}.Debug|x64.ActiveCfg = Debug|Any CPU
		{AE03AC12-C191-4F2F-8400-E9C318E0E2B4}.Debug|x64.Build.0 = Debug|Any CPU
		{AE03AC12-C191-4F2F-8400-E9C318E0E2B4}.Debug|x86.ActiveCfg = Debug|Any CPU
		{AE03AC12-C191-4F2F-8400-E9C318E0E2B4}.Debug|x86.Build.0 = Debug|Any CPU
		{AE03AC12-C191-4F2F-8400-E9C318E0E2B4}.Release|Any CPU.ActiveCfg = Release|Any CPU
		{AE03AC12-C191-4F2F-8400-E9C318E0E2B4}.Release|Any CPU.Build.0 = Release|Any CPU
		{AE03AC12-C191-4F2F-8400-E9C318E0E2B4}.Release|x64.ActiveCfg = Release|Any CPU
		{AE03AC12-C191-4F2F-8400-E9C318E0E2B4}.Release|x64.Build.0 = Release|Any CPU
		{AE03AC12-C191-4F2F-8400-E9C318E0E2B4}.Release|x86.ActiveCfg = Release|Any CPU
		{AE03AC12-C191-4F2F-8400-E9C318E0E2B4}.Release|x86.Build.0 = Release|Any CPU
		{26B174A7-0DF8-4C6A-A3EC-4FB9B2E492C9}.Debug|Any CPU.ActiveCfg = Debug|Any CPU
		{26B174A7-0DF8-4C6A-A3EC-4FB9B2E492C9}.Debug|Any CPU.Build.0 = Debug|Any CPU
		{26B174A7-0DF8-4C6A-A3EC-4FB9B2E492C9}.Debug|x64.ActiveCfg = Debug|Any CPU
		{26B174A7-0DF8-4C6A-A3EC-4FB9B2E492C9}.Debug|x64.Build.0 = Debug|Any CPU
		{26B174A7-0DF8-4C6A-A3EC-4FB9B2E492C9}.Debug|x86.ActiveCfg = Debug|Any CPU
		{26B174A7-0DF8-4C6A-A3EC-4FB9B2E492C9}.Debug|x86.Build.0 = Debug|Any CPU
		{26B174A7-0DF8-4C6A-A3EC-4FB9B2E492C9}.Release|Any CPU.ActiveCfg = Release|Any CPU
		{26B174A7-0DF8-4C6A-A3EC-4FB9B2E492C9}.Release|Any CPU.Build.0 = Release|Any CPU
		{26B174A7-0DF8-4C6A-A3EC-4FB9B2E492C9}.Release|x64.ActiveCfg = Release|Any CPU
		{26B174A7-0DF8-4C6A-A3EC-4FB9B2E492C9}.Release|x64.Build.0 = Release|Any CPU
		{26B174A7-0DF8-4C6A-A3EC-4FB9B2E492C9}.Release|x86.ActiveCfg = Release|Any CPU
		{26B174A7-0DF8-4C6A-A3EC-4FB9B2E492C9}.Release|x86.Build.0 = Release|Any CPU
		{88D95848-54BD-4A1F-82E0-95DFF93E1391}.Debug|Any CPU.ActiveCfg = Debug|Any CPU
		{88D95848-54BD-4A1F-82E0-95DFF93E1391}.Debug|Any CPU.Build.0 = Debug|Any CPU
		{88D95848-54BD-4A1F-82E0-95DFF93E1391}.Debug|x64.ActiveCfg = Debug|Any CPU
		{88D95848-54BD-4A1F-82E0-95DFF93E1391}.Debug|x64.Build.0 = Debug|Any CPU
		{88D95848-54BD-4A1F-82E0-95DFF93E1391}.Debug|x86.ActiveCfg = Debug|Any CPU
		{88D95848-54BD-4A1F-82E0-95DFF93E1391}.Debug|x86.Build.0 = Debug|Any CPU
		{88D95848-54BD-4A1F-82E0-95DFF93E1391}.Release|Any CPU.ActiveCfg = Release|Any CPU
		{88D95848-54BD-4A1F-82E0-95DFF93E1391}.Release|Any CPU.Build.0 = Release|Any CPU
		{88D95848-54BD-4A1F-82E0-95DFF93E1391}.Release|x64.ActiveCfg = Release|Any CPU
		{88D95848-54BD-4A1F-82E0-95DFF93E1391}.Release|x64.Build.0 = Release|Any CPU
		{88D95848-54BD-4A1F-82E0-95DFF93E1391}.Release|x86.ActiveCfg = Release|Any CPU
		{88D95848-54BD-4A1F-82E0-95DFF93E1391}.Release|x86.Build.0 = Release|Any CPU
		{B3CD0785-B475-4044-822A-54F6C1D24235}.Debug|Any CPU.ActiveCfg = Debug|Any CPU
		{B3CD0785-B475-4044-822A-54F6C1D24235}.Debug|Any CPU.Build.0 = Debug|Any CPU
		{B3CD0785-B475-4044-822A-54F6C1D24235}.Debug|x64.ActiveCfg = Debug|Any CPU
		{B3CD0785-B475-4044-822A-54F6C1D24235}.Debug|x64.Build.0 = Debug|Any CPU
		{B3CD0785-B475-4044-822A-54F6C1D24235}.Debug|x86.ActiveCfg = Debug|Any CPU
		{B3CD0785-B475-4044-822A-54F6C1D24235}.Debug|x86.Build.0 = Debug|Any CPU
		{B3CD0785-B475-4044-822A-54F6C1D24235}.Release|Any CPU.ActiveCfg = Release|Any CPU
		{B3CD0785-B475-4044-822A-54F6C1D24235}.Release|Any CPU.Build.0 = Release|Any CPU
		{B3CD0785-B475-4044-822A-54F6C1D24235}.Release|x64.ActiveCfg = Release|Any CPU
		{B3CD0785-B475-4044-822A-54F6C1D24235}.Release|x64.Build.0 = Release|Any CPU
		{B3CD0785-B475-4044-822A-54F6C1D24235}.Release|x86.ActiveCfg = Release|Any CPU
		{B3CD0785-B475-4044-822A-54F6C1D24235}.Release|x86.Build.0 = Release|Any CPU
		{E6B21BD1-16BF-4077-89BB-994EED3A8400}.Debug|Any CPU.ActiveCfg = Debug|Any CPU
		{E6B21BD1-16BF-4077-89BB-994EED3A8400}.Debug|Any CPU.Build.0 = Debug|Any CPU
		{E6B21BD1-16BF-4077-89BB-994EED3A8400}.Debug|x64.ActiveCfg = Debug|Any CPU
		{E6B21BD1-16BF-4077-89BB-994EED3A8400}.Debug|x64.Build.0 = Debug|Any CPU
		{E6B21BD1-16BF-4077-89BB-994EED3A8400}.Debug|x86.ActiveCfg = Debug|Any CPU
		{E6B21BD1-16BF-4077-89BB-994EED3A8400}.Debug|x86.Build.0 = Debug|Any CPU
		{E6B21BD1-16BF-4077-89BB-994EED3A8400}.Release|Any CPU.ActiveCfg = Release|Any CPU
		{E6B21BD1-16BF-4077-89BB-994EED3A8400}.Release|Any CPU.Build.0 = Release|Any CPU
		{E6B21BD1-16BF-4077-89BB-994EED3A8400}.Release|x64.ActiveCfg = Release|Any CPU
		{E6B21BD1-16BF-4077-89BB-994EED3A8400}.Release|x64.Build.0 = Release|Any CPU
		{E6B21BD1-16BF-4077-89BB-994EED3A8400}.Release|x86.ActiveCfg = Release|Any CPU
		{E6B21BD1-16BF-4077-89BB-994EED3A8400}.Release|x86.Build.0 = Release|Any CPU
	EndGlobalSection
	GlobalSection(SolutionProperties) = preSolution
		HideSolutionNode = FALSE
	EndGlobalSection
EndGlobal
